// !$*UTF8*$!
{
	archiveVersion = 1;
	classes = {
	};
	objectVersion = 56;
	objects = {

/* Begin PBXBuildFile section */
		CC1E66C828D64FB8008E335C /* RecipesApp.swift in Sources */ = {isa = PBXBuildFile; fileRef = CC1E66C728D64FB8008E335C /* RecipesApp.swift */; };
		CC1E66CA28D64FB8008E335C /* ContentView.swift in Sources */ = {isa = PBXBuildFile; fileRef = CC1E66C928D64FB8008E335C /* ContentView.swift */; };
		CC1E66CC28D64FBA008E335C /* Assets.xcassets in Resources */ = {isa = PBXBuildFile; fileRef = CC1E66CB28D64FBA008E335C /* Assets.xcassets */; };
		CC1E66CF28D64FBA008E335C /* Preview Assets.xcassets in Resources */ = {isa = PBXBuildFile; fileRef = CC1E66CE28D64FBA008E335C /* Preview Assets.xcassets */; };
		CC1E66DD28D650C7008E335C /* HomeView.swift in Sources */ = {isa = PBXBuildFile; fileRef = CC1E66DC28D650C7008E335C /* HomeView.swift */; };
		CC1E66DF28D650E6008E335C /* CategoriesView.swift in Sources */ = {isa = PBXBuildFile; fileRef = CC1E66DE28D650E6008E335C /* CategoriesView.swift */; };
		CC1E66E128D65100008E335C /* NewRecipeView.swift in Sources */ = {isa = PBXBuildFile; fileRef = CC1E66E028D65100008E335C /* NewRecipeView.swift */; };
		CC1E66E328D65111008E335C /* FavoritesView.swift in Sources */ = {isa = PBXBuildFile; fileRef = CC1E66E228D65111008E335C /* FavoritesView.swift */; };
		CC1E66E528D65120008E335C /* SettingsView.swift in Sources */ = {isa = PBXBuildFile; fileRef = CC1E66E428D65120008E335C /* SettingsView.swift */; };
		CC1E66E828D65380008E335C /* TabBarView.swift in Sources */ = {isa = PBXBuildFile; fileRef = CC1E66E728D65380008E335C /* TabBarView.swift */; };
		CC28697A28D8CC04006A2CF9 /* RecipeView.swift in Sources */ = {isa = PBXBuildFile; fileRef = CC28697928D8CC04006A2CF9 /* RecipeView.swift */; };
		CC83D5F228DA23F4003392C5 /* CategoryView.swift in Sources */ = {isa = PBXBuildFile; fileRef = CC83D5F128DA23F4003392C5 /* CategoryView.swift */; };
		CCE6701828D78556001F85DA /* RecipeModel.swift in Sources */ = {isa = PBXBuildFile; fileRef = CCE6701728D78556001F85DA /* RecipeModel.swift */; };
		CCE6701A28D7892D001F85DA /* ReceipeCardView.swift in Sources */ = {isa = PBXBuildFile; fileRef = CCE6701928D7892D001F85DA /* ReceipeCardView.swift */; };
		CCE6701C28D79250001F85DA /* RecipeListView.swift in Sources */ = {isa = PBXBuildFile; fileRef = CCE6701B28D79250001F85DA /* RecipeListView.swift */; };
/* End PBXBuildFile section */

/* Begin PBXFileReference section */
		CC1E66C428D64FB8008E335C /* Recipes.app */ = {isa = PBXFileReference; explicitFileType = wrapper.application; includeInIndex = 0; path = Recipes.app; sourceTree = BUILT_PRODUCTS_DIR; };
		CC1E66C728D64FB8008E335C /* RecipesApp.swift */ = {isa = PBXFileReference; lastKnownFileType = sourcecode.swift; path = RecipesApp.swift; sourceTree = "<group>"; };
		CC1E66C928D64FB8008E335C /* ContentView.swift */ = {isa = PBXFileReference; lastKnownFileType = sourcecode.swift; path = ContentView.swift; sourceTree = "<group>"; };
		CC1E66CB28D64FBA008E335C /* Assets.xcassets */ = {isa = PBXFileReference; lastKnownFileType = folder.assetcatalog; path = Assets.xcassets; sourceTree = "<group>"; };
		CC1E66CE28D64FBA008E335C /* Preview Assets.xcassets */ = {isa = PBXFileReference; lastKnownFileType = folder.assetcatalog; path = "Preview Assets.xcassets"; sourceTree = "<group>"; };
		CC1E66DC28D650C7008E335C /* HomeView.swift */ = {isa = PBXFileReference; lastKnownFileType = sourcecode.swift; path = HomeView.swift; sourceTree = "<group>"; };
		CC1E66DE28D650E6008E335C /* CategoriesView.swift */ = {isa = PBXFileReference; lastKnownFileType = sourcecode.swift; path = CategoriesView.swift; sourceTree = "<group>"; };
		CC1E66E028D65100008E335C /* NewRecipeView.swift */ = {isa = PBXFileReference; lastKnownFileType = sourcecode.swift; path = NewRecipeView.swift; sourceTree = "<group>"; };
		CC1E66E228D65111008E335C /* FavoritesView.swift */ = {isa = PBXFileReference; lastKnownFileType = sourcecode.swift; path = FavoritesView.swift; sourceTree = "<group>"; };
		CC1E66E428D65120008E335C /* SettingsView.swift */ = {isa = PBXFileReference; lastKnownFileType = sourcecode.swift; path = SettingsView.swift; sourceTree = "<group>"; };
		CC1E66E728D65380008E335C /* TabBarView.swift */ = {isa = PBXFileReference; lastKnownFileType = sourcecode.swift; path = TabBarView.swift; sourceTree = "<group>"; };
		CC28697928D8CC04006A2CF9 /* RecipeView.swift */ = {isa = PBXFileReference; lastKnownFileType = sourcecode.swift; path = RecipeView.swift; sourceTree = "<group>"; };
		CC83D5F128DA23F4003392C5 /* CategoryView.swift */ = {isa = PBXFileReference; lastKnownFileType = sourcecode.swift; path = CategoryView.swift; sourceTree = "<group>"; };
		CCE6701728D78556001F85DA /* RecipeModel.swift */ = {isa = PBXFileReference; lastKnownFileType = sourcecode.swift; path = RecipeModel.swift; sourceTree = "<group>"; };
		CCE6701928D7892D001F85DA /* ReceipeCardView.swift */ = {isa = PBXFileReference; lastKnownFileType = sourcecode.swift; path = ReceipeCardView.swift; sourceTree = "<group>"; };
		CCE6701B28D79250001F85DA /* RecipeListView.swift */ = {isa = PBXFileReference; lastKnownFileType = sourcecode.swift; path = RecipeListView.swift; sourceTree = "<group>"; };
/* End PBXFileReference section */

/* Begin PBXFrameworksBuildPhase section */
		CC1E66C128D64FB8008E335C /* Frameworks */ = {
			isa = PBXFrameworksBuildPhase;
			buildActionMask = 2147483647;
			files = (
			);
			runOnlyForDeploymentPostprocessing = 0;
		};
/* End PBXFrameworksBuildPhase section */

/* Begin PBXGroup section */
		CC1E66BB28D64FB8008E335C = {
			isa = PBXGroup;
			children = (
				CC1E66C628D64FB8008E335C /* Recipes */,
				CC1E66C528D64FB8008E335C /* Products */,
			);
			sourceTree = "<group>";
		};
		CC1E66C528D64FB8008E335C /* Products */ = {
			isa = PBXGroup;
			children = (
				CC1E66C428D64FB8008E335C /* Recipes.app */,
			);
			name = Products;
			sourceTree = "<group>";
		};
		CC1E66C628D64FB8008E335C /* Recipes */ = {
			isa = PBXGroup;
			children = (
				CC1E66C728D64FB8008E335C /* RecipesApp.swift */,
				CC1E66D528D64FD6008E335C /* Views */,
				CC1E66DA28D65019008E335C /* ViewModels */,
				CC1E66DB28D6502C008E335C /* Models */,
				CC1E66CB28D64FBA008E335C /* Assets.xcassets */,
				CC1E66CD28D64FBA008E335C /* Preview Content */,
			);
			path = Recipes;
			sourceTree = "<group>";
		};
		CC1E66CD28D64FBA008E335C /* Preview Content */ = {
			isa = PBXGroup;
			children = (
				CC1E66CE28D64FBA008E335C /* Preview Assets.xcassets */,
			);
			path = "Preview Content";
			sourceTree = "<group>";
		};
		CC1E66D528D64FD6008E335C /* Views */ = {
			isa = PBXGroup;
			children = (
				CC1E66D928D6500B008E335C /* Components */,
				CC1E66D828D65004008E335C /* Detail */,
				CC1E66D728D64FF1008E335C /* Main */,
			);
			name = Views;
			path = "New Group";
			sourceTree = "<group>";
		};
		CC1E66D728D64FF1008E335C /* Main */ = {
			isa = PBXGroup;
			children = (
				CC1E66C928D64FB8008E335C /* ContentView.swift */,
				CC1E66E728D65380008E335C /* TabBarView.swift */,
				CC1E66DC28D650C7008E335C /* HomeView.swift */,
				CC1E66DE28D650E6008E335C /* CategoriesView.swift */,
				CC1E66E028D65100008E335C /* NewRecipeView.swift */,
				CC1E66E228D65111008E335C /* FavoritesView.swift */,
				CC1E66E428D65120008E335C /* SettingsView.swift */,
			);
			path = Main;
			sourceTree = "<group>";
		};
		CC1E66D828D65004008E335C /* Detail */ = {
			isa = PBXGroup;
			children = (
				CC28697928D8CC04006A2CF9 /* RecipeView.swift */,
				CC83D5F128DA23F4003392C5 /* CategoryView.swift */,
			);
			path = Detail;
			sourceTree = "<group>";
		};
		CC1E66D928D6500B008E335C /* Components */ = {
			isa = PBXGroup;
			children = (
				CCE6701928D7892D001F85DA /* ReceipeCardView.swift */,
				CCE6701B28D79250001F85DA /* RecipeListView.swift */,
			);
			path = Components;
			sourceTree = "<group>";
		};
		CC1E66DA28D65019008E335C /* ViewModels */ = {
			isa = PBXGroup;
			children = (
			);
			path = ViewModels;
			sourceTree = "<group>";
		};
		CC1E66DB28D6502C008E335C /* Models */ = {
			isa = PBXGroup;
			children = (
				CCE6701728D78556001F85DA /* RecipeModel.swift */,
			);
			path = Models;
			sourceTree = "<group>";
		};
/* End PBXGroup section */

/* Begin PBXNativeTarget section */
		CC1E66C328D64FB8008E335C /* Recipes */ = {
			isa = PBXNativeTarget;
			buildConfigurationList = CC1E66D228D64FBA008E335C /* Build configuration list for PBXNativeTarget "Recipes" */;
			buildPhases = (
				CC1E66C028D64FB8008E335C /* Sources */,
				CC1E66C128D64FB8008E335C /* Frameworks */,
				CC1E66C228D64FB8008E335C /* Resources */,
			);
			buildRules = (
			);
			dependencies = (
			);
			name = Recipes;
			productName = Recipes;
			productReference = CC1E66C428D64FB8008E335C /* Recipes.app */;
			productType = "com.apple.product-type.application";
		};
/* End PBXNativeTarget section */

/* Begin PBXProject section */
		CC1E66BC28D64FB8008E335C /* Project object */ = {
			isa = PBXProject;
			attributes = {
				BuildIndependentTargetsInParallel = 1;
				LastSwiftUpdateCheck = 1400;
				LastUpgradeCheck = 1400;
				TargetAttributes = {
					CC1E66C328D64FB8008E335C = {
						CreatedOnToolsVersion = 14.0;
					};
				};
			};
			buildConfigurationList = CC1E66BF28D64FB8008E335C /* Build configuration list for PBXProject "Recipes" */;
			compatibilityVersion = "Xcode 14.0";
			developmentRegion = en;
			hasScannedForEncodings = 0;
			knownRegions = (
				en,
				Base,
			);
			mainGroup = CC1E66BB28D64FB8008E335C;
			productRefGroup = CC1E66C528D64FB8008E335C /* Products */;
			projectDirPath = "";
			projectRoot = "";
			targets = (
				CC1E66C328D64FB8008E335C /* Recipes */,
			);
		};
/* End PBXProject section */

/* Begin PBXResourcesBuildPhase section */
		CC1E66C228D64FB8008E335C /* Resources */ = {
			isa = PBXResourcesBuildPhase;
			buildActionMask = 2147483647;
			files = (
				CC1E66CF28D64FBA008E335C /* Preview Assets.xcassets in Resources */,
				CC1E66CC28D64FBA008E335C /* Assets.xcassets in Resources */,
			);
			runOnlyForDeploymentPostprocessing = 0;
		};
/* End PBXResourcesBuildPhase section */

/* Begin PBXSourcesBuildPhase section */
		CC1E66C028D64FB8008E335C /* Sources */ = {
			isa = PBXSourcesBuildPhase;
			buildActionMask = 2147483647;
			files = (
				CC1E66E528D65120008E335C /* SettingsView.swift in Sources */,
				CC1E66DF28D650E6008E335C /* CategoriesView.swift in Sources */,
				CC1E66E828D65380008E335C /* TabBarView.swift in Sources */,
				CC1E66DD28D650C7008E335C /* HomeView.swift in Sources */,
				CC1E66E328D65111008E335C /* FavoritesView.swift in Sources */,
				CC83D5F228DA23F4003392C5 /* CategoryView.swift in Sources */,
				CCE6701C28D79250001F85DA /* RecipeListView.swift in Sources */,
				CC28697A28D8CC04006A2CF9 /* RecipeView.swift in Sources */,
				CC1E66CA28D64FB8008E335C /* ContentView.swift in Sources */,
				CC1E66C828D64FB8008E335C /* RecipesApp.swift in Sources */,
				CC1E66E128D65100008E335C /* NewRecipeView.swift in Sources */,
				CCE6701A28D7892D001F85DA /* ReceipeCardView.swift in Sources */,
				CCE6701828D78556001F85DA /* RecipeModel.swift in Sources */,
			);
			runOnlyForDeploymentPostprocessing = 0;
		};
/* End PBXSourcesBuildPhase section */

/* Begin XCBuildConfiguration section */
		CC1E66D028D64FBA008E335C /* Debug */ = {
			isa = XCBuildConfiguration;
			buildSettings = {
				ALWAYS_SEARCH_USER_PATHS = NO;
				CLANG_ANALYZER_NONNULL = YES;
				CLANG_ANALYZER_NUMBER_OBJECT_CONVERSION = YES_AGGRESSIVE;
				CLANG_CXX_LANGUAGE_STANDARD = "gnu++20";
				CLANG_ENABLE_MODULES = YES;
				CLANG_ENABLE_OBJC_ARC = YES;
				CLANG_ENABLE_OBJC_WEAK = YES;
				CLANG_WARN_BLOCK_CAPTURE_AUTORELEASING = YES;
				CLANG_WARN_BOOL_CONVERSION = YES;
				CLANG_WARN_COMMA = YES;
				CLANG_WARN_CONSTANT_CONVERSION = YES;
				CLANG_WARN_DEPRECATED_OBJC_IMPLEMENTATIONS = YES;
				CLANG_WARN_DIRECT_OBJC_ISA_USAGE = YES_ERROR;
				CLANG_WARN_DOCUMENTATION_COMMENTS = YES;
				CLANG_WARN_EMPTY_BODY = YES;
				CLANG_WARN_ENUM_CONVERSION = YES;
				CLANG_WARN_INFINITE_RECURSION = YES;
				CLANG_WARN_INT_CONVERSION = YES;
				CLANG_WARN_NON_LITERAL_NULL_CONVERSION = YES;
				CLANG_WARN_OBJC_IMPLICIT_RETAIN_SELF = YES;
				CLANG_WARN_OBJC_LITERAL_CONVERSION = YES;
				CLANG_WARN_OBJC_ROOT_CLASS = YES_ERROR;
				CLANG_WARN_QUOTED_INCLUDE_IN_FRAMEWORK_HEADER = YES;
				CLANG_WARN_RANGE_LOOP_ANALYSIS = YES;
				CLANG_WARN_STRICT_PROTOTYPES = YES;
				CLANG_WARN_SUSPICIOUS_MOVE = YES;
				CLANG_WARN_UNGUARDED_AVAILABILITY = YES_AGGRESSIVE;
				CLANG_WARN_UNREACHABLE_CODE = YES;
				CLANG_WARN__DUPLICATE_METHOD_MATCH = YES;
				COPY_PHASE_STRIP = NO;
				DEBUG_INFORMATION_FORMAT = dwarf;
				ENABLE_STRICT_OBJC_MSGSEND = YES;
				ENABLE_TESTABILITY = YES;
				GCC_C_LANGUAGE_STANDARD = gnu11;
				GCC_DYNAMIC_NO_PIC = NO;
				GCC_NO_COMMON_BLOCKS = YES;
				GCC_OPTIMIZATION_LEVEL = 0;
				GCC_PREPROCESSOR_DEFINITIONS = (
					"DEBUG=1",
					"$(inherited)",
				);
				GCC_WARN_64_TO_32_BIT_CONVERSION = YES;
				GCC_WARN_ABOUT_RETURN_TYPE = YES_ERROR;
				GCC_WARN_UNDECLARED_SELECTOR = YES;
				GCC_WARN_UNINITIALIZED_AUTOS = YES_AGGRESSIVE;
				GCC_WARN_UNUSED_FUNCTION = YES;
				GCC_WARN_UNUSED_VARIABLE = YES;
				IPHONEOS_DEPLOYMENT_TARGET = 16.0;
				MTL_ENABLE_DEBUG_INFO = INCLUDE_SOURCE;
				MTL_FAST_MATH = YES;
				ONLY_ACTIVE_ARCH = YES;
				SDKROOT = iphoneos;
				SWIFT_ACTIVE_COMPILATION_CONDITIONS = DEBUG;
				SWIFT_OPTIMIZATION_LEVEL = "-Onone";
			};
			name = Debug;
		};
		CC1E66D128D64FBA008E335C /* Release */ = {
			isa = XCBuildConfiguration;
			buildSettings = {
				ALWAYS_SEARCH_USER_PATHS = NO;
				CLANG_ANALYZER_NONNULL = YES;
				CLANG_ANALYZER_NUMBER_OBJECT_CONVERSION = YES_AGGRESSIVE;
				CLANG_CXX_LANGUAGE_STANDARD = "gnu++20";
				CLANG_ENABLE_MODULES = YES;
				CLANG_ENABLE_OBJC_ARC = YES;
				CLANG_ENABLE_OBJC_WEAK = YES;
				CLANG_WARN_BLOCK_CAPTURE_AUTORELEASING = YES;
				CLANG_WARN_BOOL_CONVERSION = YES;
				CLANG_WARN_COMMA = YES;
				CLANG_WARN_CONSTANT_CONVERSION = YES;
				CLANG_WARN_DEPRECATED_OBJC_IMPLEMENTATIONS = YES;
				CLANG_WARN_DIRECT_OBJC_ISA_USAGE = YES_ERROR;
				CLANG_WARN_DOCUMENTATION_COMMENTS = YES;
				CLANG_WARN_EMPTY_BODY = YES;
				CLANG_WARN_ENUM_CONVERSION = YES;
				CLANG_WARN_INFINITE_RECURSION = YES;
				CLANG_WARN_INT_CONVERSION = YES;
				CLANG_WARN_NON_LITERAL_NULL_CONVERSION = YES;
				CLANG_WARN_OBJC_IMPLICIT_RETAIN_SELF = YES;
				CLANG_WARN_OBJC_LITERAL_CONVERSION = YES;
				CLANG_WARN_OBJC_ROOT_CLASS = YES_ERROR;
				CLANG_WARN_QUOTED_INCLUDE_IN_FRAMEWORK_HEADER = YES;
				CLANG_WARN_RANGE_LOOP_ANALYSIS = YES;
				CLANG_WARN_STRICT_PROTOTYPES = YES;
				CLANG_WARN_SUSPICIOUS_MOVE = YES;
				CLANG_WARN_UNGUARDED_AVAILABILITY = YES_AGGRESSIVE;
				CLANG_WARN_UNREACHABLE_CODE = YES;
				CLANG_WARN__DUPLICATE_METHOD_MATCH = YES;
				COPY_PHASE_STRIP = NO;
				DEBUG_INFORMATION_FORMAT = "dwarf-with-dsym";
				ENABLE_NS_ASSERTIONS = NO;
				ENABLE_STRICT_OBJC_MSGSEND = YES;
				GCC_C_LANGUAGE_STANDARD = gnu11;
				GCC_NO_COMMON_BLOCKS = YES;
				GCC_WARN_64_TO_32_BIT_CONVERSION = YES;
				GCC_WARN_ABOUT_RETURN_TYPE = YES_ERROR;
				GCC_WARN_UNDECLARED_SELECTOR = YES;
				GCC_WARN_UNINITIALIZED_AUTOS = YES_AGGRESSIVE;
				GCC_WARN_UNUSED_FUNCTION = YES;
				GCC_WARN_UNUSED_VARIABLE = YES;
				IPHONEOS_DEPLOYMENT_TARGET = 16.0;
				MTL_ENABLE_DEBUG_INFO = NO;
				MTL_FAST_MATH = YES;
				SDKROOT = iphoneos;
				SWIFT_COMPILATION_MODE = wholemodule;
				SWIFT_OPTIMIZATION_LEVEL = "-O";
				VALIDATE_PRODUCT = YES;
			};
			name = Release;
		};
		CC1E66D328D64FBA008E335C /* Debug */ = {
			isa = XCBuildConfiguration;
			buildSettings = {
				ASSETCATALOG_COMPILER_APPICON_NAME = AppIcon;
				ASSETCATALOG_COMPILER_GLOBAL_ACCENT_COLOR_NAME = AccentColor;
				CODE_SIGN_STYLE = Automatic;
				CURRENT_PROJECT_VERSION = 1;
				DEVELOPMENT_ASSET_PATHS = "\"Recipes/Preview Content\"";
				DEVELOPMENT_TEAM = 6QGWXNWMFJ;
				ENABLE_PREVIEWS = YES;
				GENERATE_INFOPLIST_FILE = YES;
				INFOPLIST_KEY_UIApplicationSceneManifest_Generation = YES;
				INFOPLIST_KEY_UIApplicationSupportsIndirectInputEvents = YES;
				INFOPLIST_KEY_UILaunchScreen_Generation = YES;
				INFOPLIST_KEY_UISupportedInterfaceOrientations_iPad = "UIInterfaceOrientationPortrait UIInterfaceOrientationPortraitUpsideDown UIInterfaceOrientationLandscapeLeft UIInterfaceOrientationLandscapeRight";
				INFOPLIST_KEY_UISupportedInterfaceOrientations_iPhone = "UIInterfaceOrientationPortrait UIInterfaceOrientationLandscapeLeft UIInterfaceOrientationLandscapeRight";
				IPHONEOS_DEPLOYMENT_TARGET = 15.0;
				LD_RUNPATH_SEARCH_PATHS = (
					"$(inherited)",
					"@executable_path/Frameworks",
				);
				MARKETING_VERSION = 1.0;
				PRODUCT_BUNDLE_IDENTIFIER = ru.alexGaida.Recipes;
				PRODUCT_NAME = "$(TARGET_NAME)";
				SWIFT_EMIT_LOC_STRINGS = YES;
				SWIFT_VERSION = 5.0;
				TARGETED_DEVICE_FAMILY = "1,2";
			};
			name = Debug;
		};
		CC1E66D428D64FBA008E335C /* Release */ = {
			isa = XCBuildConfiguration;
			buildSettings = {
				ASSETCATALOG_COMPILER_APPICON_NAME = AppIcon;
				ASSETCATALOG_COMPILER_GLOBAL_ACCENT_COLOR_NAME = AccentColor;
				CODE_SIGN_STYLE = Automatic;
				CURRENT_PROJECT_VERSION = 1;
				DEVELOPMENT_ASSET_PATHS = "\"Recipes/Preview Content\"";
				DEVELOPMENT_TEAM = 6QGWXNWMFJ;
				ENABLE_PREVIEWS = YES;
				GENERATE_INFOPLIST_FILE = YES;
				INFOPLIST_KEY_UIApplicationSceneManifest_Generation = YES;
				INFOPLIST_KEY_UIApplicationSupportsIndirectInputEvents = YES;
				INFOPLIST_KEY_UILaunchScreen_Generation = YES;
				INFOPLIST_KEY_UISupportedInterfaceOrientations_iPad = "UIInterfaceOrientationPortrait UIInterfaceOrientationPortraitUpsideDown UIInterfaceOrientationLandscapeLeft UIInterfaceOrientationLandscapeRight";
				INFOPLIST_KEY_UISupportedInterfaceOrientations_iPhone = "UIInterfaceOrientationPortrait UIInterfaceOrientationLandscapeLeft UIInterfaceOrientationLandscapeRight";
				IPHONEOS_DEPLOYMENT_TARGET = 15.0;
				LD_RUNPATH_SEARCH_PATHS = (
					"$(inherited)",
					"@executable_path/Frameworks",
				);
				MARKETING_VERSION = 1.0;
				PRODUCT_BUNDLE_IDENTIFIER = ru.alexGaida.Recipes;
				PRODUCT_NAME = "$(TARGET_NAME)";
				SWIFT_EMIT_LOC_STRINGS = YES;
				SWIFT_VERSION = 5.0;
				TARGETED_DEVICE_FAMILY = "1,2";
			};
			name = Release;
		};
/* End XCBuildConfiguration section */

/* Begin XCConfigurationList section */
		CC1E66BF28D64FB8008E335C /* Build configuration list for PBXProject "Recipes" */ = {
			isa = XCConfigurationList;
			buildConfigurations = (
				CC1E66D028D64FBA008E335C /* Debug */,
				CC1E66D128D64FBA008E335C /* Release */,
			);
			defaultConfigurationIsVisible = 0;
			defaultConfigurationName = Release;
		};
		CC1E66D228D64FBA008E335C /* Build configuration list for PBXNativeTarget "Recipes" */ = {
			isa = XCConfigurationList;
			buildConfigurations = (
				CC1E66D328D64FBA008E335C /* Debug */,
				CC1E66D428D64FBA008E335C /* Release */,
			);
			defaultConfigurationIsVisible = 0;
			defaultConfigurationName = Release;
		};
/* End XCConfigurationList section */
	};
	rootObject = CC1E66BC28D64FB8008E335C /* Project object */;
}
